
Microsoft Visual Studio Solution File, Format Version 12.00
# Visual Studio 15
VisualStudioVersion = 15.0.28307.645
MinimumVisualStudioVersion = 10.0.40219.1
Project("{FAE04EC0-301F-11D3-BF4B-00C04F79EFBC}") = "PekeAnime", "PekeAnime\PekeAnime.csproj", "{47F3A4D7-EC9E-480C-839A-2C53EBD85D16}"
EndProject
Global
	GlobalSection(SolutionConfigurationPlatforms) = preSolution
		Debug|Any CPU = Debug|Any CPU
		Release|Any CPU = Release|Any CPU
	EndGlobalSection
	GlobalSection(ProjectConfigurationPlatforms) = postSolution
		{47F3A4D7-EC9E-480C-839A-2C53EBD85D16}.Debug|Any CPU.ActiveCfg = Debug|Any CPU
		{47F3A4D7-EC9E-480C-839A-2C53EBD85D16}.Debug|Any CPU.Build.0 = Debug|Any CPU
		{47F3A4D7-EC9E-480C-839A-2C53EBD85D16}.Release|Any CPU.ActiveCfg = Release|Any CPU
		{47F3A4D7-EC9E-480C-839A-2C53EBD85D16}.Release|Any CPU.Build.0 = Release|Any CPU
	EndGlobalSection
	GlobalSection(SolutionProperties) = preSolution
		HideSolutionNode = FALSE
	EndGlobalSection
	GlobalSection(ExtensibilityGlobals) = postSolution
		SolutionGuid = {11AA7490-5D93-4554-8F9A-7B26321F0793}
	EndGlobalSection
EndGlobal
